
Microsoft Visual Studio Solution File, Format Version 12.00
# Visual Studio Version 17
VisualStudioVersion = 17.0.32014.148
MinimumVisualStudioVersion = 10.0.40219.1
Project("{9A19103F-16F7-4668-BE54-9A1E7A4F7556}") = "POSapp", "POSapp\POSapp.csproj", "{0F995497-0332-42F9-A5A1-429861BCD890}"
EndProject
Project("{FAE04EC0-301F-11D3-BF4B-00C04F79EFBC}") = "PosApp1", "PosApp1\PosApp1.csproj", "{33CA3D9C-6ADF-4B3F-9C10-8E4296576E14}"
EndProject
Global
	GlobalSection(SolutionConfigurationPlatforms) = preSolution
		Debug|Any CPU = Debug|Any CPU
		Release|Any CPU = Release|Any CPU
	EndGlobalSection
	GlobalSection(ProjectConfigurationPlatforms) = postSolution
		{0F995497-0332-42F9-A5A1-429861BCD890}.Debug|Any CPU.ActiveCfg = Debug|Any CPU
		{0F995497-0332-42F9-A5A1-429861BCD890}.Debug|Any CPU.Build.0 = Debug|Any CPU
		{0F995497-0332-42F9-A5A1-429861BCD890}.Release|Any CPU.ActiveCfg = Release|Any CPU
		{0F995497-0332-42F9-A5A1-429861BCD890}.Release|Any CPU.Build.0 = Release|Any CPU
		{33CA3D9C-6ADF-4B3F-9C10-8E4296576E14}.Debug|Any CPU.ActiveCfg = Debug|Any CPU
		{33CA3D9C-6ADF-4B3F-9C10-8E4296576E14}.Debug|Any CPU.Build.0 = Debug|Any CPU
		{33CA3D9C-6ADF-4B3F-9C10-8E4296576E14}.Release|Any CPU.ActiveCfg = Release|Any CPU
		{33CA3D9C-6ADF-4B3F-9C10-8E4296576E14}.Release|Any CPU.Build.0 = Release|Any CPU
	EndGlobalSection
	GlobalSection(SolutionProperties) = preSolution
		HideSolutionNode = FALSE
	EndGlobalSection
	GlobalSection(ExtensibilityGlobals) = postSolution
		SolutionGuid = {371D0A7D-F0E2-42FD-8663-08567BFFE1A8}
	EndGlobalSection
EndGlobal
